
Microsoft Visual Studio Solution File, Format Version 12.00
# Visual Studio Version 17
VisualStudioVersion = 17.5.33103.201
MinimumVisualStudioVersion = 10.0.40219.1
Project("{9A19103F-16F7-4668-BE54-9A1E7A4F7556}") = "1", "1.csproj", "{26CA513C-E589-467E-AE2C-57CEC35BC2C3}"
EndProject
Global
	GlobalSection(SolutionConfigurationPlatforms) = preSolution
		Debug|Any CPU = Debug|Any CPU
		Release|Any CPU = Release|Any CPU
	EndGlobalSection
	GlobalSection(ProjectConfigurationPlatforms) = postSolution
		{26CA513C-E589-467E-AE2C-57CEC35BC2C3}.Debug|Any CPU.ActiveCfg = Debug|Any CPU
		{26CA513C-E589-467E-AE2C-57CEC35BC2C3}.Debug|Any CPU.Build.0 = Debug|Any CPU
		{26CA513C-E589-467E-AE2C-57CEC35BC2C3}.Release|Any CPU.ActiveCfg = Release|Any CPU
		{26CA513C-E589-467E-AE2C-57CEC35BC2C3}.Release|Any CPU.Build.0 = Release|Any CPU
	EndGlobalSection
	GlobalSection(SolutionProperties) = preSolution
		HideSolutionNode = FALSE
	EndGlobalSection
	GlobalSection(ExtensibilityGlobals) = postSolution
		SolutionGuid = {3277947F-D3A3-4970-8997-8E450A28BA11}
	EndGlobalSection
EndGlobal
